
Microsoft Visual Studio Solution File, Format Version 12.00
# Visual Studio Version 16
VisualStudioVersion = 16.0.29509.3
MinimumVisualStudioVersion = 10.0.40219.1
Project("{FAE04EC0-301F-11D3-BF4B-00C04F79EFBC}") = "BetonMe", "BetonMe\BetonMe.csproj", "{29714225-B7ED-486D-B004-A8E164B0CDEB}"
EndProject
Global
	GlobalSection(SolutionConfigurationPlatforms) = preSolution
		Debug|Any CPU = Debug|Any CPU
		Release|Any CPU = Release|Any CPU
	EndGlobalSection
	GlobalSection(ProjectConfigurationPlatforms) = postSolution
		{29714225-B7ED-486D-B004-A8E164B0CDEB}.Debug|Any CPU.ActiveCfg = Debug|Any CPU
		{29714225-B7ED-486D-B004-A8E164B0CDEB}.Debug|Any CPU.Build.0 = Debug|Any CPU
		{29714225-B7ED-486D-B004-A8E164B0CDEB}.Release|Any CPU.ActiveCfg = Release|Any CPU
		{29714225-B7ED-486D-B004-A8E164B0CDEB}.Release|Any CPU.Build.0 = Release|Any CPU
	EndGlobalSection
	GlobalSection(SolutionProperties) = preSolution
		HideSolutionNode = FALSE
	EndGlobalSection
	GlobalSection(ExtensibilityGlobals) = postSolution
		SolutionGuid = {BD3279AC-EBF1-401D-80F3-B01D1C4952A5}
	EndGlobalSection
EndGlobal
